// !$*UTF8*$!
{
	archiveVersion = 1;
	classes = {
	};
	objectVersion = 46;
	objects = {

/* Begin PBXBuildFile section */
		D3BFB3801C7839EC001F6E91 /* AppDelegate.swift in Sources */ = {isa = PBXBuildFile; fileRef = D3BFB37F1C7839EC001F6E91 /* AppDelegate.swift */; };
		D3BFB3821C7839EC001F6E91 /* ViewController.swift in Sources */ = {isa = PBXBuildFile; fileRef = D3BFB3811C7839EC001F6E91 /* ViewController.swift */; };
		D3BFB3851C7839EC001F6E91 /* Main.storyboard in Resources */ = {isa = PBXBuildFile; fileRef = D3BFB3831C7839EC001F6E91 /* Main.storyboard */; };
		D3BFB3881C7839EC001F6E91 /* K_Cha.xcdatamodeld in Sources */ = {isa = PBXBuildFile; fileRef = D3BFB3861C7839EC001F6E91 /* K_Cha.xcdatamodeld */; };
		D3BFB38A1C7839EC001F6E91 /* Assets.xcassets in Resources */ = {isa = PBXBuildFile; fileRef = D3BFB3891C7839EC001F6E91 /* Assets.xcassets */; };
		D3BFB38D1C7839EC001F6E91 /* LaunchScreen.storyboard in Resources */ = {isa = PBXBuildFile; fileRef = D3BFB38B1C7839EC001F6E91 /* LaunchScreen.storyboard */; };
		D3BFB3981C7839EC001F6E91 /* K_ChaTests.swift in Sources */ = {isa = PBXBuildFile; fileRef = D3BFB3971C7839EC001F6E91 /* K_ChaTests.swift */; };
		D3BFB3A31C7839EC001F6E91 /* K_ChaUITests.swift in Sources */ = {isa = PBXBuildFile; fileRef = D3BFB3A21C7839EC001F6E91 /* K_ChaUITests.swift */; };
		D3BFB3B11C783D89001F6E91 /* ListViewController.swift in Sources */ = {isa = PBXBuildFile; fileRef = D3BFB3B01C783D89001F6E91 /* ListViewController.swift */; };
		D3BFB3B31C78D38C001F6E91 /* MenuViewController.swift in Sources */ = {isa = PBXBuildFile; fileRef = D3BFB3B21C78D38C001F6E91 /* MenuViewController.swift */; };
		D3BFB3B51C78DF73001F6E91 /* WorkoutCell.swift in Sources */ = {isa = PBXBuildFile; fileRef = D3BFB3B41C78DF73001F6E91 /* WorkoutCell.swift */; };
		D3BFB41F1C78F8D5001F6E91 /* Interface.storyboard in Resources */ = {isa = PBXBuildFile; fileRef = D3BFB41D1C78F8D5001F6E91 /* Interface.storyboard */; };
		D3BFB4281C78F8D5001F6E91 /* K-Cha Watch Extension.appex in Embed App Extensions */ = {isa = PBXBuildFile; fileRef = D3BFB4271C78F8D5001F6E91 /* K-Cha Watch Extension.appex */; settings = {ATTRIBUTES = (RemoveHeadersOnCopy, ); }; };
		D3BFB42F1C78F8D5001F6E91 /* InterfaceController.swift in Sources */ = {isa = PBXBuildFile; fileRef = D3BFB42E1C78F8D5001F6E91 /* InterfaceController.swift */; };
		D3BFB4311C78F8D5001F6E91 /* ExtensionDelegate.swift in Sources */ = {isa = PBXBuildFile; fileRef = D3BFB4301C78F8D5001F6E91 /* ExtensionDelegate.swift */; };
		D3BFB4331C78F8D5001F6E91 /* NotificationController.swift in Sources */ = {isa = PBXBuildFile; fileRef = D3BFB4321C78F8D5001F6E91 /* NotificationController.swift */; };
		D3BFB4351C78F8D5001F6E91 /* Assets.xcassets in Resources */ = {isa = PBXBuildFile; fileRef = D3BFB4341C78F8D5001F6E91 /* Assets.xcassets */; };
		D3BFB4391C78F8D5001F6E91 /* K-Cha Watch.app in Embed Watch Content */ = {isa = PBXBuildFile; fileRef = D3BFB41B1C78F8D5001F6E91 /* K-Cha Watch.app */; };
		D3BFB4431C797F57001F6E91 /* Assets.xcassets in Resources */ = {isa = PBXBuildFile; fileRef = D3BFB4201C78F8D5001F6E91 /* Assets.xcassets */; };
		D3BFB4451C7982CC001F6E91 /* TimerCell.swift in Sources */ = {isa = PBXBuildFile; fileRef = D3BFB4441C7982CC001F6E91 /* TimerCell.swift */; };
/* End PBXBuildFile section */

/* Begin PBXContainerItemProxy section */
		D3BFB3941C7839EC001F6E91 /* PBXContainerItemProxy */ = {
			isa = PBXContainerItemProxy;
			containerPortal = D3BFB3741C7839EC001F6E91 /* Project object */;
			proxyType = 1;
			remoteGlobalIDString = D3BFB37B1C7839EC001F6E91;
			remoteInfo = "K-Cha";
		};
		D3BFB39F1C7839EC001F6E91 /* PBXContainerItemProxy */ = {
			isa = PBXContainerItemProxy;
			containerPortal = D3BFB3741C7839EC001F6E91 /* Project object */;
			proxyType = 1;
			remoteGlobalIDString = D3BFB37B1C7839EC001F6E91;
			remoteInfo = "K-Cha";
		};
		D3BFB4291C78F8D5001F6E91 /* PBXContainerItemProxy */ = {
			isa = PBXContainerItemProxy;
			containerPortal = D3BFB3741C7839EC001F6E91 /* Project object */;
			proxyType = 1;
			remoteGlobalIDString = D3BFB4261C78F8D5001F6E91;
			remoteInfo = "K-Cha Watch Extension";
		};
		D3BFB4371C78F8D5001F6E91 /* PBXContainerItemProxy */ = {
			isa = PBXContainerItemProxy;
			containerPortal = D3BFB3741C7839EC001F6E91 /* Project object */;
			proxyType = 1;
			remoteGlobalIDString = D3BFB41A1C78F8D5001F6E91;
			remoteInfo = "K-Cha Watch";
		};
/* End PBXContainerItemProxy section */

/* Begin PBXCopyFilesBuildPhase section */
		D3BFB43D1C78F8D5001F6E91 /* Embed App Extensions */ = {
			isa = PBXCopyFilesBuildPhase;
			buildActionMask = 2147483647;
			dstPath = "";
			dstSubfolderSpec = 13;
			files = (
				D3BFB4281C78F8D5001F6E91 /* K-Cha Watch Extension.appex in Embed App Extensions */,
			);
			name = "Embed App Extensions";
			runOnlyForDeploymentPostprocessing = 0;
		};
		D3BFB4411C78F8D5001F6E91 /* Embed Watch Content */ = {
			isa = PBXCopyFilesBuildPhase;
			buildActionMask = 2147483647;
			dstPath = "$(CONTENTS_FOLDER_PATH)/Watch";
			dstSubfolderSpec = 16;
			files = (
				D3BFB4391C78F8D5001F6E91 /* K-Cha Watch.app in Embed Watch Content */,
			);
			name = "Embed Watch Content";
			runOnlyForDeploymentPostprocessing = 0;
		};
/* End PBXCopyFilesBuildPhase section */

/* Begin PBXFileReference section */
		D3BFB37C1C7839EC001F6E91 /* K-Cha.app */ = {isa = PBXFileReference; explicitFileType = wrapper.application; includeInIndex = 0; path = "K-Cha.app"; sourceTree = BUILT_PRODUCTS_DIR; };
		D3BFB37F1C7839EC001F6E91 /* AppDelegate.swift */ = {isa = PBXFileReference; lastKnownFileType = sourcecode.swift; path = AppDelegate.swift; sourceTree = "<group>"; };
		D3BFB3811C7839EC001F6E91 /* ViewController.swift */ = {isa = PBXFileReference; lastKnownFileType = sourcecode.swift; path = ViewController.swift; sourceTree = "<group>"; };
		D3BFB3841C7839EC001F6E91 /* Base */ = {isa = PBXFileReference; lastKnownFileType = file.storyboard; name = Base; path = Base.lproj/Main.storyboard; sourceTree = "<group>"; };
		D3BFB3871C7839EC001F6E91 /* K_Cha.xcdatamodel */ = {isa = PBXFileReference; lastKnownFileType = wrapper.xcdatamodel; path = K_Cha.xcdatamodel; sourceTree = "<group>"; };
		D3BFB3891C7839EC001F6E91 /* Assets.xcassets */ = {isa = PBXFileReference; lastKnownFileType = folder.assetcatalog; path = Assets.xcassets; sourceTree = "<group>"; };
		D3BFB38C1C7839EC001F6E91 /* Base */ = {isa = PBXFileReference; lastKnownFileType = file.storyboard; name = Base; path = Base.lproj/LaunchScreen.storyboard; sourceTree = "<group>"; };
		D3BFB38E1C7839EC001F6E91 /* Info.plist */ = {isa = PBXFileReference; lastKnownFileType = text.plist.xml; path = Info.plist; sourceTree = "<group>"; };
		D3BFB3931C7839EC001F6E91 /* K-ChaTests.xctest */ = {isa = PBXFileReference; explicitFileType = wrapper.cfbundle; includeInIndex = 0; path = "K-ChaTests.xctest"; sourceTree = BUILT_PRODUCTS_DIR; };
		D3BFB3971C7839EC001F6E91 /* K_ChaTests.swift */ = {isa = PBXFileReference; lastKnownFileType = sourcecode.swift; path = K_ChaTests.swift; sourceTree = "<group>"; };
		D3BFB3991C7839EC001F6E91 /* Info.plist */ = {isa = PBXFileReference; lastKnownFileType = text.plist.xml; path = Info.plist; sourceTree = "<group>"; };
		D3BFB39E1C7839EC001F6E91 /* K-ChaUITests.xctest */ = {isa = PBXFileReference; explicitFileType = wrapper.cfbundle; includeInIndex = 0; path = "K-ChaUITests.xctest"; sourceTree = BUILT_PRODUCTS_DIR; };
		D3BFB3A21C7839EC001F6E91 /* K_ChaUITests.swift */ = {isa = PBXFileReference; lastKnownFileType = sourcecode.swift; path = K_ChaUITests.swift; sourceTree = "<group>"; };
		D3BFB3A41C7839EC001F6E91 /* Info.plist */ = {isa = PBXFileReference; lastKnownFileType = text.plist.xml; path = Info.plist; sourceTree = "<group>"; };
		D3BFB3B01C783D89001F6E91 /* ListViewController.swift */ = {isa = PBXFileReference; fileEncoding = 4; lastKnownFileType = sourcecode.swift; path = ListViewController.swift; sourceTree = "<group>"; };
		D3BFB3B21C78D38C001F6E91 /* MenuViewController.swift */ = {isa = PBXFileReference; fileEncoding = 4; lastKnownFileType = sourcecode.swift; path = MenuViewController.swift; sourceTree = "<group>"; };
		D3BFB3B41C78DF73001F6E91 /* WorkoutCell.swift */ = {isa = PBXFileReference; fileEncoding = 4; lastKnownFileType = sourcecode.swift; path = WorkoutCell.swift; sourceTree = "<group>"; };
		D3BFB41B1C78F8D5001F6E91 /* K-Cha Watch.app */ = {isa = PBXFileReference; explicitFileType = wrapper.application; includeInIndex = 0; path = "K-Cha Watch.app"; sourceTree = BUILT_PRODUCTS_DIR; };
		D3BFB41E1C78F8D5001F6E91 /* Base */ = {isa = PBXFileReference; lastKnownFileType = file.storyboard; name = Base; path = Base.lproj/Interface.storyboard; sourceTree = "<group>"; };
		D3BFB4201C78F8D5001F6E91 /* Assets.xcassets */ = {isa = PBXFileReference; lastKnownFileType = folder.assetcatalog; path = Assets.xcassets; sourceTree = "<group>"; };
		D3BFB4221C78F8D5001F6E91 /* Info.plist */ = {isa = PBXFileReference; lastKnownFileType = text.plist.xml; path = Info.plist; sourceTree = "<group>"; };
		D3BFB4271C78F8D5001F6E91 /* K-Cha Watch Extension.appex */ = {isa = PBXFileReference; explicitFileType = "wrapper.app-extension"; includeInIndex = 0; path = "K-Cha Watch Extension.appex"; sourceTree = BUILT_PRODUCTS_DIR; };
		D3BFB42D1C78F8D5001F6E91 /* PushNotificationPayload.apns */ = {isa = PBXFileReference; lastKnownFileType = text; path = PushNotificationPayload.apns; sourceTree = "<group>"; };
		D3BFB42E1C78F8D5001F6E91 /* InterfaceController.swift */ = {isa = PBXFileReference; lastKnownFileType = sourcecode.swift; path = InterfaceController.swift; sourceTree = "<group>"; };
		D3BFB4301C78F8D5001F6E91 /* ExtensionDelegate.swift */ = {isa = PBXFileReference; lastKnownFileType = sourcecode.swift; path = ExtensionDelegate.swift; sourceTree = "<group>"; };
		D3BFB4321C78F8D5001F6E91 /* NotificationController.swift */ = {isa = PBXFileReference; lastKnownFileType = sourcecode.swift; path = NotificationController.swift; sourceTree = "<group>"; };
		D3BFB4341C78F8D5001F6E91 /* Assets.xcassets */ = {isa = PBXFileReference; lastKnownFileType = folder.assetcatalog; path = Assets.xcassets; sourceTree = "<group>"; };
		D3BFB4361C78F8D5001F6E91 /* Info.plist */ = {isa = PBXFileReference; lastKnownFileType = text.plist.xml; path = Info.plist; sourceTree = "<group>"; };
		D3BFB4441C7982CC001F6E91 /* TimerCell.swift */ = {isa = PBXFileReference; fileEncoding = 4; lastKnownFileType = sourcecode.swift; path = TimerCell.swift; sourceTree = "<group>"; };
/* End PBXFileReference section */

/* Begin PBXFrameworksBuildPhase section */
		D3BFB3791C7839EC001F6E91 /* Frameworks */ = {
			isa = PBXFrameworksBuildPhase;
			buildActionMask = 2147483647;
			files = (
			);
			runOnlyForDeploymentPostprocessing = 0;
		};
		D3BFB3901C7839EC001F6E91 /* Frameworks */ = {
			isa = PBXFrameworksBuildPhase;
			buildActionMask = 2147483647;
			files = (
			);
			runOnlyForDeploymentPostprocessing = 0;
		};
		D3BFB39B1C7839EC001F6E91 /* Frameworks */ = {
			isa = PBXFrameworksBuildPhase;
			buildActionMask = 2147483647;
			files = (
			);
			runOnlyForDeploymentPostprocessing = 0;
		};
		D3BFB4241C78F8D5001F6E91 /* Frameworks */ = {
			isa = PBXFrameworksBuildPhase;
			buildActionMask = 2147483647;
			files = (
			);
			runOnlyForDeploymentPostprocessing = 0;
		};
/* End PBXFrameworksBuildPhase section */

/* Begin PBXGroup section */
		D3BFB3731C7839EC001F6E91 = {
			isa = PBXGroup;
			children = (
				D3BFB37E1C7839EC001F6E91 /* K-Cha */,
				D3BFB3961C7839EC001F6E91 /* K-ChaTests */,
				D3BFB3A11C7839EC001F6E91 /* K-ChaUITests */,
				D3BFB41C1C78F8D5001F6E91 /* K-Cha Watch */,
				D3BFB42B1C78F8D5001F6E91 /* K-Cha Watch Extension */,
				D3BFB37D1C7839EC001F6E91 /* Products */,
			);
			sourceTree = "<group>";
		};
		D3BFB37D1C7839EC001F6E91 /* Products */ = {
			isa = PBXGroup;
			children = (
				D3BFB37C1C7839EC001F6E91 /* K-Cha.app */,
				D3BFB3931C7839EC001F6E91 /* K-ChaTests.xctest */,
				D3BFB39E1C7839EC001F6E91 /* K-ChaUITests.xctest */,
				D3BFB41B1C78F8D5001F6E91 /* K-Cha Watch.app */,
				D3BFB4271C78F8D5001F6E91 /* K-Cha Watch Extension.appex */,
			);
			name = Products;
			sourceTree = "<group>";
		};
		D3BFB37E1C7839EC001F6E91 /* K-Cha */ = {
			isa = PBXGroup;
			children = (
				D3BFB37F1C7839EC001F6E91 /* AppDelegate.swift */,
				D3BFB3811C7839EC001F6E91 /* ViewController.swift */,
				D3BFB3831C7839EC001F6E91 /* Main.storyboard */,
				D3BFB3B41C78DF73001F6E91 /* WorkoutCell.swift */,
				D3BFB4441C7982CC001F6E91 /* TimerCell.swift */,
				D3BFB3B21C78D38C001F6E91 /* MenuViewController.swift */,
				D3BFB3B01C783D89001F6E91 /* ListViewController.swift */,
				D3BFB3891C7839EC001F6E91 /* Assets.xcassets */,
				D3BFB38B1C7839EC001F6E91 /* LaunchScreen.storyboard */,
				D3BFB38E1C7839EC001F6E91 /* Info.plist */,
				D3BFB3861C7839EC001F6E91 /* K_Cha.xcdatamodeld */,
			);
			path = "K-Cha";
			sourceTree = "<group>";
		};
		D3BFB3961C7839EC001F6E91 /* K-ChaTests */ = {
			isa = PBXGroup;
			children = (
				D3BFB3971C7839EC001F6E91 /* K_ChaTests.swift */,
				D3BFB3991C7839EC001F6E91 /* Info.plist */,
			);
			path = "K-ChaTests";
			sourceTree = "<group>";
		};
		D3BFB3A11C7839EC001F6E91 /* K-ChaUITests */ = {
			isa = PBXGroup;
			children = (
				D3BFB3A21C7839EC001F6E91 /* K_ChaUITests.swift */,
				D3BFB3A41C7839EC001F6E91 /* Info.plist */,
			);
			path = "K-ChaUITests";
			sourceTree = "<group>";
		};
		D3BFB41C1C78F8D5001F6E91 /* K-Cha Watch */ = {
			isa = PBXGroup;
			children = (
				D3BFB41D1C78F8D5001F6E91 /* Interface.storyboard */,
				D3BFB4201C78F8D5001F6E91 /* Assets.xcassets */,
				D3BFB4221C78F8D5001F6E91 /* Info.plist */,
			);
			path = "K-Cha Watch";
			sourceTree = "<group>";
		};
		D3BFB42B1C78F8D5001F6E91 /* K-Cha Watch Extension */ = {
			isa = PBXGroup;
			children = (
				D3BFB42E1C78F8D5001F6E91 /* InterfaceController.swift */,
				D3BFB4301C78F8D5001F6E91 /* ExtensionDelegate.swift */,
				D3BFB4321C78F8D5001F6E91 /* NotificationController.swift */,
				D3BFB4341C78F8D5001F6E91 /* Assets.xcassets */,
				D3BFB4361C78F8D5001F6E91 /* Info.plist */,
				D3BFB42C1C78F8D5001F6E91 /* Supporting Files */,
			);
			path = "K-Cha Watch Extension";
			sourceTree = "<group>";
		};
		D3BFB42C1C78F8D5001F6E91 /* Supporting Files */ = {
			isa = PBXGroup;
			children = (
				D3BFB42D1C78F8D5001F6E91 /* PushNotificationPayload.apns */,
			);
			name = "Supporting Files";
			sourceTree = "<group>";
		};
/* End PBXGroup section */

/* Begin PBXNativeTarget section */
		D3BFB37B1C7839EC001F6E91 /* K-Cha */ = {
			isa = PBXNativeTarget;
			buildConfigurationList = D3BFB3A71C7839EC001F6E91 /* Build configuration list for PBXNativeTarget "K-Cha" */;
			buildPhases = (
				D3BFB3781C7839EC001F6E91 /* Sources */,
				D3BFB3791C7839EC001F6E91 /* Frameworks */,
				D3BFB37A1C7839EC001F6E91 /* Resources */,
				D3BFB4411C78F8D5001F6E91 /* Embed Watch Content */,
			);
			buildRules = (
			);
			dependencies = (
				D3BFB4381C78F8D5001F6E91 /* PBXTargetDependency */,
			);
			name = "K-Cha";
			productName = "K-Cha";
			productReference = D3BFB37C1C7839EC001F6E91 /* K-Cha.app */;
			productType = "com.apple.product-type.application";
		};
		D3BFB3921C7839EC001F6E91 /* K-ChaTests */ = {
			isa = PBXNativeTarget;
			buildConfigurationList = D3BFB3AA1C7839EC001F6E91 /* Build configuration list for PBXNativeTarget "K-ChaTests" */;
			buildPhases = (
				D3BFB38F1C7839EC001F6E91 /* Sources */,
				D3BFB3901C7839EC001F6E91 /* Frameworks */,
				D3BFB3911C7839EC001F6E91 /* Resources */,
			);
			buildRules = (
			);
			dependencies = (
				D3BFB3951C7839EC001F6E91 /* PBXTargetDependency */,
			);
			name = "K-ChaTests";
			productName = "K-ChaTests";
			productReference = D3BFB3931C7839EC001F6E91 /* K-ChaTests.xctest */;
			productType = "com.apple.product-type.bundle.unit-test";
		};
		D3BFB39D1C7839EC001F6E91 /* K-ChaUITests */ = {
			isa = PBXNativeTarget;
			buildConfigurationList = D3BFB3AD1C7839EC001F6E91 /* Build configuration list for PBXNativeTarget "K-ChaUITests" */;
			buildPhases = (
				D3BFB39A1C7839EC001F6E91 /* Sources */,
				D3BFB39B1C7839EC001F6E91 /* Frameworks */,
				D3BFB39C1C7839EC001F6E91 /* Resources */,
			);
			buildRules = (
			);
			dependencies = (
				D3BFB3A01C7839EC001F6E91 /* PBXTargetDependency */,
			);
			name = "K-ChaUITests";
			productName = "K-ChaUITests";
			productReference = D3BFB39E1C7839EC001F6E91 /* K-ChaUITests.xctest */;
			productType = "com.apple.product-type.bundle.ui-testing";
		};
		D3BFB41A1C78F8D5001F6E91 /* K-Cha Watch */ = {
			isa = PBXNativeTarget;
			buildConfigurationList = D3BFB43E1C78F8D5001F6E91 /* Build configuration list for PBXNativeTarget "K-Cha Watch" */;
			buildPhases = (
				D3BFB4191C78F8D5001F6E91 /* Resources */,
				D3BFB43D1C78F8D5001F6E91 /* Embed App Extensions */,
			);
			buildRules = (
			);
			dependencies = (
				D3BFB42A1C78F8D5001F6E91 /* PBXTargetDependency */,
			);
			name = "K-Cha Watch";
			productName = "K-Cha Watch";
			productReference = D3BFB41B1C78F8D5001F6E91 /* K-Cha Watch.app */;
			productType = "com.apple.product-type.application.watchapp2";
		};
		D3BFB4261C78F8D5001F6E91 /* K-Cha Watch Extension */ = {
			isa = PBXNativeTarget;
			buildConfigurationList = D3BFB43A1C78F8D5001F6E91 /* Build configuration list for PBXNativeTarget "K-Cha Watch Extension" */;
			buildPhases = (
				D3BFB4231C78F8D5001F6E91 /* Sources */,
				D3BFB4241C78F8D5001F6E91 /* Frameworks */,
				D3BFB4251C78F8D5001F6E91 /* Resources */,
			);
			buildRules = (
			);
			dependencies = (
			);
			name = "K-Cha Watch Extension";
			productName = "K-Cha Watch Extension";
			productReference = D3BFB4271C78F8D5001F6E91 /* K-Cha Watch Extension.appex */;
			productType = "com.apple.product-type.watchkit2-extension";
		};
/* End PBXNativeTarget section */

/* Begin PBXProject section */
		D3BFB3741C7839EC001F6E91 /* Project object */ = {
			isa = PBXProject;
			attributes = {
				LastSwiftUpdateCheck = 0720;
				LastUpgradeCheck = 0720;
				ORGANIZATIONNAME = "Bruh International";
				TargetAttributes = {
					D3BFB37B1C7839EC001F6E91 = {
						CreatedOnToolsVersion = 7.2.1;
						DevelopmentTeam = 4T79TES2KN;
					};
					D3BFB3921C7839EC001F6E91 = {
						CreatedOnToolsVersion = 7.2.1;
						DevelopmentTeam = 4T79TES2KN;
						TestTargetID = D3BFB37B1C7839EC001F6E91;
					};
					D3BFB39D1C7839EC001F6E91 = {
						CreatedOnToolsVersion = 7.2.1;
						DevelopmentTeam = 4T79TES2KN;
						TestTargetID = D3BFB37B1C7839EC001F6E91;
					};
					D3BFB41A1C78F8D5001F6E91 = {
						CreatedOnToolsVersion = 7.2.1;
						DevelopmentTeam = 4T79TES2KN;
					};
					D3BFB4261C78F8D5001F6E91 = {
						CreatedOnToolsVersion = 7.2.1;
						DevelopmentTeam = 4T79TES2KN;
					};
				};
			};
			buildConfigurationList = D3BFB3771C7839EC001F6E91 /* Build configuration list for PBXProject "K-Cha" */;
			compatibilityVersion = "Xcode 3.2";
			developmentRegion = English;
			hasScannedForEncodings = 0;
			knownRegions = (
				en,
				Base,
			);
			mainGroup = D3BFB3731C7839EC001F6E91;
			productRefGroup = D3BFB37D1C7839EC001F6E91 /* Products */;
			projectDirPath = "";
			projectRoot = "";
			targets = (
				D3BFB37B1C7839EC001F6E91 /* K-Cha */,
				D3BFB3921C7839EC001F6E91 /* K-ChaTests */,
				D3BFB39D1C7839EC001F6E91 /* K-ChaUITests */,
				D3BFB41A1C78F8D5001F6E91 /* K-Cha Watch */,
				D3BFB4261C78F8D5001F6E91 /* K-Cha Watch Extension */,
			);
		};
/* End PBXProject section */

/* Begin PBXResourcesBuildPhase section */
		D3BFB37A1C7839EC001F6E91 /* Resources */ = {
			isa = PBXResourcesBuildPhase;
			buildActionMask = 2147483647;
			files = (
				D3BFB38D1C7839EC001F6E91 /* LaunchScreen.storyboard in Resources */,
				D3BFB38A1C7839EC001F6E91 /* Assets.xcassets in Resources */,
				D3BFB3851C7839EC001F6E91 /* Main.storyboard in Resources */,
			);
			runOnlyForDeploymentPostprocessing = 0;
		};
		D3BFB3911C7839EC001F6E91 /* Resources */ = {
			isa = PBXResourcesBuildPhase;
			buildActionMask = 2147483647;
			files = (
			);
			runOnlyForDeploymentPostprocessing = 0;
		};
		D3BFB39C1C7839EC001F6E91 /* Resources */ = {
			isa = PBXResourcesBuildPhase;
			buildActionMask = 2147483647;
			files = (
			);
			runOnlyForDeploymentPostprocessing = 0;
		};
		D3BFB4191C78F8D5001F6E91 /* Resources */ = {
			isa = PBXResourcesBuildPhase;
			buildActionMask = 2147483647;
			files = (
				D3BFB4431C797F57001F6E91 /* Assets.xcassets in Resources */,
				D3BFB41F1C78F8D5001F6E91 /* Interface.storyboard in Resources */,
			);
			runOnlyForDeploymentPostprocessing = 0;
		};
		D3BFB4251C78F8D5001F6E91 /* Resources */ = {
			isa = PBXResourcesBuildPhase;
			buildActionMask = 2147483647;
			files = (
				D3BFB4351C78F8D5001F6E91 /* Assets.xcassets in Resources */,
			);
			runOnlyForDeploymentPostprocessing = 0;
		};
/* End PBXResourcesBuildPhase section */

/* Begin PBXSourcesBuildPhase section */
		D3BFB3781C7839EC001F6E91 /* Sources */ = {
			isa = PBXSourcesBuildPhase;
			buildActionMask = 2147483647;
			files = (
				D3BFB3821C7839EC001F6E91 /* ViewController.swift in Sources */,
				D3BFB3B31C78D38C001F6E91 /* MenuViewController.swift in Sources */,
				D3BFB4451C7982CC001F6E91 /* TimerCell.swift in Sources */,
				D3BFB3801C7839EC001F6E91 /* AppDelegate.swift in Sources */,
				D3BFB3B51C78DF73001F6E91 /* WorkoutCell.swift in Sources */,
				D3BFB3B11C783D89001F6E91 /* ListViewController.swift in Sources */,
				D3BFB3881C7839EC001F6E91 /* K_Cha.xcdatamodeld in Sources */,
			);
			runOnlyForDeploymentPostprocessing = 0;
		};
		D3BFB38F1C7839EC001F6E91 /* Sources */ = {
			isa = PBXSourcesBuildPhase;
			buildActionMask = 2147483647;
			files = (
				D3BFB3981C7839EC001F6E91 /* K_ChaTests.swift in Sources */,
			);
			runOnlyForDeploymentPostprocessing = 0;
		};
		D3BFB39A1C7839EC001F6E91 /* Sources */ = {
			isa = PBXSourcesBuildPhase;
			buildActionMask = 2147483647;
			files = (
				D3BFB3A31C7839EC001F6E91 /* K_ChaUITests.swift in Sources */,
			);
			runOnlyForDeploymentPostprocessing = 0;
		};
		D3BFB4231C78F8D5001F6E91 /* Sources */ = {
			isa = PBXSourcesBuildPhase;
			buildActionMask = 2147483647;
			files = (
				D3BFB4331C78F8D5001F6E91 /* NotificationController.swift in Sources */,
				D3BFB4311C78F8D5001F6E91 /* ExtensionDelegate.swift in Sources */,
				D3BFB42F1C78F8D5001F6E91 /* InterfaceController.swift in Sources */,
			);
			runOnlyForDeploymentPostprocessing = 0;
		};
/* End PBXSourcesBuildPhase section */

/* Begin PBXTargetDependency section */
		D3BFB3951C7839EC001F6E91 /* PBXTargetDependency */ = {
			isa = PBXTargetDependency;
			target = D3BFB37B1C7839EC001F6E91 /* K-Cha */;
			targetProxy = D3BFB3941C7839EC001F6E91 /* PBXContainerItemProxy */;
		};
		D3BFB3A01C7839EC001F6E91 /* PBXTargetDependency */ = {
			isa = PBXTargetDependency;
			target = D3BFB37B1C7839EC001F6E91 /* K-Cha */;
			targetProxy = D3BFB39F1C7839EC001F6E91 /* PBXContainerItemProxy */;
		};
		D3BFB42A1C78F8D5001F6E91 /* PBXTargetDependency */ = {
			isa = PBXTargetDependency;
			target = D3BFB4261C78F8D5001F6E91 /* K-Cha Watch Extension */;
			targetProxy = D3BFB4291C78F8D5001F6E91 /* PBXContainerItemProxy */;
		};
		D3BFB4381C78F8D5001F6E91 /* PBXTargetDependency */ = {
			isa = PBXTargetDependency;
			target = D3BFB41A1C78F8D5001F6E91 /* K-Cha Watch */;
			targetProxy = D3BFB4371C78F8D5001F6E91 /* PBXContainerItemProxy */;
		};
/* End PBXTargetDependency section */

/* Begin PBXVariantGroup section */
		D3BFB3831C7839EC001F6E91 /* Main.storyboard */ = {
			isa = PBXVariantGroup;
			children = (
				D3BFB3841C7839EC001F6E91 /* Base */,
			);
			name = Main.storyboard;
			sourceTree = "<group>";
		};
		D3BFB38B1C7839EC001F6E91 /* LaunchScreen.storyboard */ = {
			isa = PBXVariantGroup;
			children = (
				D3BFB38C1C7839EC001F6E91 /* Base */,
			);
			name = LaunchScreen.storyboard;
			sourceTree = "<group>";
		};
		D3BFB41D1C78F8D5001F6E91 /* Interface.storyboard */ = {
			isa = PBXVariantGroup;
			children = (
				D3BFB41E1C78F8D5001F6E91 /* Base */,
			);
			name = Interface.storyboard;
			sourceTree = "<group>";
		};
/* End PBXVariantGroup section */

/* Begin XCBuildConfiguration section */
		D3BFB3A51C7839EC001F6E91 /* Debug */ = {
			isa = XCBuildConfiguration;
			buildSettings = {
				ALWAYS_SEARCH_USER_PATHS = NO;
				CLANG_CXX_LANGUAGE_STANDARD = "gnu++0x";
				CLANG_CXX_LIBRARY = "libc++";
				CLANG_ENABLE_MODULES = YES;
				CLANG_ENABLE_OBJC_ARC = YES;
				CLANG_WARN_BOOL_CONVERSION = YES;
				CLANG_WARN_CONSTANT_CONVERSION = YES;
				CLANG_WARN_DIRECT_OBJC_ISA_USAGE = YES_ERROR;
				CLANG_WARN_EMPTY_BODY = YES;
				CLANG_WARN_ENUM_CONVERSION = YES;
				CLANG_WARN_INT_CONVERSION = YES;
				CLANG_WARN_OBJC_ROOT_CLASS = YES_ERROR;
				CLANG_WARN_UNREACHABLE_CODE = YES;
				CLANG_WARN__DUPLICATE_METHOD_MATCH = YES;
				"CODE_SIGN_IDENTITY[sdk=iphoneos*]" = "iPhone Developer";
				COPY_PHASE_STRIP = NO;
				DEBUG_INFORMATION_FORMAT = dwarf;
				ENABLE_STRICT_OBJC_MSGSEND = YES;
				ENABLE_TESTABILITY = YES;
				GCC_C_LANGUAGE_STANDARD = gnu99;
				GCC_DYNAMIC_NO_PIC = NO;
				GCC_NO_COMMON_BLOCKS = YES;
				GCC_OPTIMIZATION_LEVEL = 0;
				GCC_PREPROCESSOR_DEFINITIONS = (
					"DEBUG=1",
					"$(inherited)",
				);
				GCC_WARN_64_TO_32_BIT_CONVERSION = YES;
				GCC_WARN_ABOUT_RETURN_TYPE = YES_ERROR;
				GCC_WARN_UNDECLARED_SELECTOR = YES;
				GCC_WARN_UNINITIALIZED_AUTOS = YES_AGGRESSIVE;
				GCC_WARN_UNUSED_FUNCTION = YES;
				GCC_WARN_UNUSED_VARIABLE = YES;
				IPHONEOS_DEPLOYMENT_TARGET = 9.2;
				MTL_ENABLE_DEBUG_INFO = YES;
				ONLY_ACTIVE_ARCH = YES;
				SDKROOT = iphoneos;
				SWIFT_OPTIMIZATION_LEVEL = "-Onone";
			};
			name = Debug;
		};
		D3BFB3A61C7839EC001F6E91 /* Release */ = {
			isa = XCBuildConfiguration;
			buildSettings = {
				ALWAYS_SEARCH_USER_PATHS = NO;
				CLANG_CXX_LANGUAGE_STANDARD = "gnu++0x";
				CLANG_CXX_LIBRARY = "libc++";
				CLANG_ENABLE_MODULES = YES;
				CLANG_ENABLE_OBJC_ARC = YES;
				CLANG_WARN_BOOL_CONVERSION = YES;
				CLANG_WARN_CONSTANT_CONVERSION = YES;
				CLANG_WARN_DIRECT_OBJC_ISA_USAGE = YES_ERROR;
				CLANG_WARN_EMPTY_BODY = YES;
				CLANG_WARN_ENUM_CONVERSION = YES;
				CLANG_WARN_INT_CONVERSION = YES;
				CLANG_WARN_OBJC_ROOT_CLASS = YES_ERROR;
				CLANG_WARN_UNREACHABLE_CODE = YES;
				CLANG_WARN__DUPLICATE_METHOD_MATCH = YES;
				"CODE_SIGN_IDENTITY[sdk=iphoneos*]" = "iPhone Developer";
				COPY_PHASE_STRIP = NO;
				DEBUG_INFORMATION_FORMAT = "dwarf-with-dsym";
				ENABLE_NS_ASSERTIONS = NO;
				ENABLE_STRICT_OBJC_MSGSEND = YES;
				GCC_C_LANGUAGE_STANDARD = gnu99;
				GCC_NO_COMMON_BLOCKS = YES;
				GCC_WARN_64_TO_32_BIT_CONVERSION = YES;
				GCC_WARN_ABOUT_RETURN_TYPE = YES_ERROR;
				GCC_WARN_UNDECLARED_SELECTOR = YES;
				GCC_WARN_UNINITIALIZED_AUTOS = YES_AGGRESSIVE;
				GCC_WARN_UNUSED_FUNCTION = YES;
				GCC_WARN_UNUSED_VARIABLE = YES;
				IPHONEOS_DEPLOYMENT_TARGET = 9.2;
				MTL_ENABLE_DEBUG_INFO = NO;
				SDKROOT = iphoneos;
				VALIDATE_PRODUCT = YES;
			};
			name = Release;
		};
		D3BFB3A81C7839EC001F6E91 /* Debug */ = {
			isa = XCBuildConfiguration;
			buildSettings = {
				ASSETCATALOG_COMPILER_APPICON_NAME = AppIcon;
				INFOPLIST_FILE = "K-Cha/Info.plist";
				LD_RUNPATH_SEARCH_PATHS = "$(inherited) @executable_path/Frameworks";
				PRODUCT_BUNDLE_IDENTIFIER = "com.brianuzi.K-Cha";
				PRODUCT_NAME = "$(TARGET_NAME)";
			};
			name = Debug;
		};
		D3BFB3A91C7839EC001F6E91 /* Release */ = {
			isa = XCBuildConfiguration;
			buildSettings = {
				ASSETCATALOG_COMPILER_APPICON_NAME = AppIcon;
				INFOPLIST_FILE = "K-Cha/Info.plist";
				LD_RUNPATH_SEARCH_PATHS = "$(inherited) @executable_path/Frameworks";
				PRODUCT_BUNDLE_IDENTIFIER = "com.brianuzi.K-Cha";
				PRODUCT_NAME = "$(TARGET_NAME)";
			};
			name = Release;
		};
		D3BFB3AB1C7839EC001F6E91 /* Debug */ = {
			isa = XCBuildConfiguration;
			buildSettings = {
				BUNDLE_LOADER = "$(TEST_HOST)";
				INFOPLIST_FILE = "K-ChaTests/Info.plist";
				LD_RUNPATH_SEARCH_PATHS = "$(inherited) @executable_path/Frameworks @loader_path/Frameworks";
				PRODUCT_BUNDLE_IDENTIFIER = "com.brianuzi.K-ChaTests";
				PRODUCT_NAME = "$(TARGET_NAME)";
				TEST_HOST = "$(BUILT_PRODUCTS_DIR)/K-Cha.app/K-Cha";
			};
			name = Debug;
		};
		D3BFB3AC1C7839EC001F6E91 /* Release */ = {
			isa = XCBuildConfiguration;
			buildSettings = {
				BUNDLE_LOADER = "$(TEST_HOST)";
				INFOPLIST_FILE = "K-ChaTests/Info.plist";
				LD_RUNPATH_SEARCH_PATHS = "$(inherited) @executable_path/Frameworks @loader_path/Frameworks";
				PRODUCT_BUNDLE_IDENTIFIER = "com.brianuzi.K-ChaTests";
				PRODUCT_NAME = "$(TARGET_NAME)";
				TEST_HOST = "$(BUILT_PRODUCTS_DIR)/K-Cha.app/K-Cha";
			};
			name = Release;
		};
		D3BFB3AE1C7839EC001F6E91 /* Debug */ = {
			isa = XCBuildConfiguration;
			buildSettings = {
				INFOPLIST_FILE = "K-ChaUITests/Info.plist";
				LD_RUNPATH_SEARCH_PATHS = "$(inherited) @executable_path/Frameworks @loader_path/Frameworks";
				PRODUCT_BUNDLE_IDENTIFIER = "com.brianuzi.K-ChaUITests";
				PRODUCT_NAME = "$(TARGET_NAME)";
				TEST_TARGET_NAME = "K-Cha";
				USES_XCTRUNNER = YES;
			};
			name = Debug;
		};
		D3BFB3AF1C7839EC001F6E91 /* Release */ = {
			isa = XCBuildConfiguration;
			buildSettings = {
				INFOPLIST_FILE = "K-ChaUITests/Info.plist";
				LD_RUNPATH_SEARCH_PATHS = "$(inherited) @executable_path/Frameworks @loader_path/Frameworks";
				PRODUCT_BUNDLE_IDENTIFIER = "com.brianuzi.K-ChaUITests";
				PRODUCT_NAME = "$(TARGET_NAME)";
				TEST_TARGET_NAME = "K-Cha";
				USES_XCTRUNNER = YES;
			};
			name = Release;
		};
		D3BFB43B1C78F8D5001F6E91 /* Debug */ = {
			isa = XCBuildConfiguration;
			buildSettings = {
				INFOPLIST_FILE = "K-Cha Watch Extension/Info.plist";
				LD_RUNPATH_SEARCH_PATHS = "$(inherited) @executable_path/Frameworks @executable_path/../../Frameworks";
				PRODUCT_BUNDLE_IDENTIFIER = "com.brianuzi.K-Cha.watchkitapp.watchkitextension";
				PRODUCT_NAME = "${TARGET_NAME}";
				SDKROOT = watchos;
				SKIP_INSTALL = YES;
				TARGETED_DEVICE_FAMILY = 4;
				WATCHOS_DEPLOYMENT_TARGET = 2.1;
			};
			name = Debug;
		};
		D3BFB43C1C78F8D5001F6E91 /* Release */ = {
			isa = XCBuildConfiguration;
			buildSettings = {
				INFOPLIST_FILE = "K-Cha Watch Extension/Info.plist";
				LD_RUNPATH_SEARCH_PATHS = "$(inherited) @executable_path/Frameworks @executable_path/../../Frameworks";
				PRODUCT_BUNDLE_IDENTIFIER = "com.brianuzi.K-Cha.watchkitapp.watchkitextension";
				PRODUCT_NAME = "${TARGET_NAME}";
				SDKROOT = watchos;
				SKIP_INSTALL = YES;
				TARGETED_DEVICE_FAMILY = 4;
				WATCHOS_DEPLOYMENT_TARGET = 2.1;
			};
			name = Release;
		};
		D3BFB43F1C78F8D5001F6E91 /* Debug */ = {
			isa = XCBuildConfiguration;
			buildSettings = {
				ASSETCATALOG_COMPILER_APPICON_NAME = AppIcon;
				EMBEDDED_CONTENT_CONTAINS_SWIFT = YES;
				IBSC_MODULE = K_Cha_Watch_Extension;
				INFOPLIST_FILE = "K-Cha Watch/Info.plist";
				PRODUCT_BUNDLE_IDENTIFIER = "com.brianuzi.K-Cha.watchkitapp";
				PRODUCT_NAME = "$(TARGET_NAME)";
				SDKROOT = watchos;
				SKIP_INSTALL = YES;
				TARGETED_DEVICE_FAMILY = 4;
				WATCHOS_DEPLOYMENT_TARGET = 2.1;
			};
			name = Debug;
		};
		D3BFB4401C78F8D5001F6E91 /* Release */ = {
			isa = XCBuildConfiguration;
			buildSettings = {
				ASSETCATALOG_COMPILER_APPICON_NAME = AppIcon;
				EMBEDDED_CONTENT_CONTAINS_SWIFT = YES;
				IBSC_MODULE = K_Cha_Watch_Extension;
				INFOPLIST_FILE = "K-Cha Watch/Info.plist";
				PRODUCT_BUNDLE_IDENTIFIER = "com.brianuzi.K-Cha.watchkitapp";
				PRODUCT_NAME = "$(TARGET_NAME)";
				SDKROOT = watchos;
				SKIP_INSTALL = YES;
				TARGETED_DEVICE_FAMILY = 4;
				WATCHOS_DEPLOYMENT_TARGET = 2.1;
			};
			name = Release;
		};
/* End XCBuildConfiguration section */

/* Begin XCConfigurationList section */
		D3BFB3771C7839EC001F6E91 /* Build configuration list for PBXProject "K-Cha" */ = {
			isa = XCConfigurationList;
			buildConfigurations = (
				D3BFB3A51C7839EC001F6E91 /* Debug */,
				D3BFB3A61C7839EC001F6E91 /* Release */,
			);
			defaultConfigurationIsVisible = 0;
			defaultConfigurationName = Release;
		};
		D3BFB3A71C7839EC001F6E91 /* Build configuration list for PBXNativeTarget "K-Cha" */ = {
			isa = XCConfigurationList;
			buildConfigurations = (
				D3BFB3A81C7839EC001F6E91 /* Debug */,
				D3BFB3A91C7839EC001F6E91 /* Release */,
			);
			defaultConfigurationIsVisible = 0;
		};
		D3BFB3AA1C7839EC001F6E91 /* Build configuration list for PBXNativeTarget "K-ChaTests" */ = {
			isa = XCConfigurationList;
			buildConfigurations = (
				D3BFB3AB1C7839EC001F6E91 /* Debug */,
				D3BFB3AC1C7839EC001F6E91 /* Release */,
			);
			defaultConfigurationIsVisible = 0;
		};
		D3BFB3AD1C7839EC001F6E91 /* Build configuration list for PBXNativeTarget "K-ChaUITests" */ = {
			isa = XCConfigurationList;
			buildConfigurations = (
				D3BFB3AE1C7839EC001F6E91 /* Debug */,
				D3BFB3AF1C7839EC001F6E91 /* Release */,
			);
			defaultConfigurationIsVisible = 0;
		};
		D3BFB43A1C78F8D5001F6E91 /* Build configuration list for PBXNativeTarget "K-Cha Watch Extension" */ = {
			isa = XCConfigurationList;
			buildConfigurations = (
				D3BFB43B1C78F8D5001F6E91 /* Debug */,
				D3BFB43C1C78F8D5001F6E91 /* Release */,
			);
			defaultConfigurationIsVisible = 0;
		};
		D3BFB43E1C78F8D5001F6E91 /* Build configuration list for PBXNativeTarget "K-Cha Watch" */ = {
			isa = XCConfigurationList;
			buildConfigurations = (
				D3BFB43F1C78F8D5001F6E91 /* Debug */,
				D3BFB4401C78F8D5001F6E91 /* Release */,
			);
			defaultConfigurationIsVisible = 0;
		};
/* End XCConfigurationList section */

/* Begin XCVersionGroup section */
		D3BFB3861C7839EC001F6E91 /* K_Cha.xcdatamodeld */ = {
			isa = XCVersionGroup;
			children = (
				D3BFB3871C7839EC001F6E91 /* K_Cha.xcdatamodel */,
			);
			currentVersion = D3BFB3871C7839EC001F6E91 /* K_Cha.xcdatamodel */;
			path = K_Cha.xcdatamodeld;
			sourceTree = "<group>";
			versionGroupType = wrapper.xcdatamodel;
		};
/* End XCVersionGroup section */
	};
	rootObject = D3BFB3741C7839EC001F6E91 /* Project object */;
}
